
Microsoft Visual Studio Solution File, Format Version 12.00
# Visual Studio 14
VisualStudioVersion = 14.0.23107.0
MinimumVisualStudioVersion = 10.0.40219.1
Project("{FAE04EC0-301F-11D3-BF4B-00C04F79EFBC}") = "AdkNuGetGenerator", "AdkNuGetGenerator\AdkNuGetGenerator.csproj", "{53955CCE-101B-4026-AD18-9E62DFDD0519}"
EndProject
Global
	GlobalSection(SolutionConfigurationPlatforms) = preSolution
		Debug|Any CPU = Debug|Any CPU
		Release|Any CPU = Release|Any CPU
	EndGlobalSection
	GlobalSection(ProjectConfigurationPlatforms) = postSolution
		{53955CCE-101B-4026-AD18-9E62DFDD0519}.Debug|Any CPU.ActiveCfg = Debug|Any CPU
		{53955CCE-101B-4026-AD18-9E62DFDD0519}.Debug|Any CPU.Build.0 = Debug|Any CPU
		{53955CCE-101B-4026-AD18-9E62DFDD0519}.Release|Any CPU.ActiveCfg = Release|Any CPU
		{53955CCE-101B-4026-AD18-9E62DFDD0519}.Release|Any CPU.Build.0 = Release|Any CPU
	EndGlobalSection
	GlobalSection(SolutionProperties) = preSolution
		HideSolutionNode = FALSE
	EndGlobalSection
EndGlobal
